<?xml version="1.0" encoding="utf-8"?>
<Project ToolsVersion="4.0" xmlns="http://schemas.microsoft.com/developer/msbuild/2003">
  <ItemGroup>
    <ClCompile Include="src\testApp.cpp">
      <Filter>src</Filter>
    </ClCompile>
    <ClCompile Include="src\main.cpp">
      <Filter>src</Filter>
    </ClCompile>
    <ClCompile Include="..\..\..\addons\ofxCEFClient\src\ofxCEFClient.cpp">
      <Filter>addons\ofxCEFClient</Filter>
    </ClCompile>
    <ClCompile Include="..\..\..\addons\ofxCEFClient\src\client\client.cpp">
      <Filter>addons\ofxCEFClient\Client</Filter>
    </ClCompile>
    <ClCompile Include="..\..\..\addons\ofxCEFClient\src\client\client_app.cpp">
      <Filter>addons\ofxCEFClient\Client</Filter>
    </ClCompile>
    <ClCompile Include="..\..\..\addons\ofxCEFClient\src\client\client_app_delegates.cpp">
      <Filter>addons\ofxCEFClient\Client</Filter>
    </ClCompile>
    <ClCompile Include="..\..\..\addons\ofxCEFClient\src\client\client_binding_manager.cpp">
      <Filter>addons\ofxCEFClient\Client</Filter>
    </ClCompile>
    <ClCompile Include="..\..\..\addons\ofxCEFClient\src\client\client_cli.cpp">
      <Filter>addons\ofxCEFClient\Client</Filter>
    </ClCompile>
    <ClCompile Include="..\..\..\addons\ofxCEFClient\src\client\client_handler.cpp">
      <Filter>addons\ofxCEFClient\Client</Filter>
    </ClCompile>
    <ClCompile Include="..\..\..\addons\ofxCEFClient\src\client\client_renderer.cpp">
      <Filter>addons\ofxCEFClient\Client</Filter>
    </ClCompile>
    <ClCompile Include="..\..\..\addons\ofxCEFClient\src\client\client_win.cpp">
      <Filter>addons\ofxCEFClient\Client</Filter>
    </ClCompile>
    <ClCompile Include="..\..\..\addons\ofxCEFClient\src\client\string_util.cpp">
      <Filter>addons\ofxCEFClient\Client</Filter>
    </ClCompile>
  </ItemGroup>
  <ItemGroup>
    <Filter Include="src">
      <UniqueIdentifier>{d8376475-7454-4a24-b08a-aac121d3ad6f}</UniqueIdentifier>
    </Filter>
    <Filter Include="addons">
      <UniqueIdentifier>{386268a5-8fc1-452c-8cd1-ddc18182996c}</UniqueIdentifier>
    </Filter>
    <Filter Include="addons\ofxCEFClient">
      <UniqueIdentifier>{123bd4f6-b6e7-4c2a-9a5f-34197cd4421e}</UniqueIdentifier>
    </Filter>
    <Filter Include="addons\ofxCEFClient\Client">
      <UniqueIdentifier>{5d8505a2-8e44-49aa-b27f-94a2e866e2e9}</UniqueIdentifier>
    </Filter>
    <Filter Include="CEF">
      <UniqueIdentifier>{cb545050-b9d5-4712-acfe-4900a8577372}</UniqueIdentifier>
    </Filter>
    <Filter Include="CEF\internal">
      <UniqueIdentifier>{192ce50f-7b49-4781-be45-ed48b5acc8fa}</UniqueIdentifier>
    </Filter>
    <Filter Include="CEF\capi">
      <UniqueIdentifier>{9d724d94-8fb9-420e-b5c5-7e65033f26cd}</UniqueIdentifier>
    </Filter>
    <Filter Include="CEF\wrapper">
      <UniqueIdentifier>{bc0b9261-445b-46c7-9e64-eef19aa0e0d6}</UniqueIdentifier>
    </Filter>
  </ItemGroup>
  <ItemGroup>
    <ClInclude Include="src\testApp.h">
      <Filter>src</Filter>
    </ClInclude>
    <ClInclude Include="..\..\..\addons\ofxCEFClient\src\ofxCEFClient.h">
      <Filter>addons\ofxCEFClient</Filter>
    </ClInclude>
    <ClInclude Include="..\..\..\addons\ofxCEFClient\src\client\client.h">
      <Filter>addons\ofxCEFClient\Client</Filter>
    </ClInclude>
    <ClInclude Include="..\..\..\addons\ofxCEFClient\src\client\client_app.h">
      <Filter>addons\ofxCEFClient\Client</Filter>
    </ClInclude>
    <ClInclude Include="..\..\..\addons\ofxCEFClient\src\client\client_binding_manager.h">
      <Filter>addons\ofxCEFClient\Client</Filter>
    </ClInclude>
    <ClInclude Include="..\..\..\addons\ofxCEFClient\src\client\client_cli.h">
      <Filter>addons\ofxCEFClient\Client</Filter>
    </ClInclude>
    <ClInclude Include="..\..\..\addons\ofxCEFClient\src\client\client_handler.h">
      <Filter>addons\ofxCEFClient\Client</Filter>
    </ClInclude>
    <ClInclude Include="..\..\..\addons\ofxCEFClient\src\client\client_renderer.h">
      <Filter>addons\ofxCEFClient\Client</Filter>
    </ClInclude>
    <ClInclude Include="..\..\..\addons\ofxCEFClient\src\client\string_util.h">
      <Filter>addons\ofxCEFClient\Client</Filter>
    </ClInclude>
    <ClInclude Include="..\..\..\addons\ofxCEFClient\src\client\util.h">
      <Filter>addons\ofxCEFClient\Client</Filter>
    </ClInclude>
    <ClInclude Include="..\cef\include\internal\cef_build.h">
      <Filter>CEF\internal</Filter>
    </ClInclude>
    <ClInclude Include="..\cef\include\internal\cef_export.h">
      <Filter>CEF\internal</Filter>
    </ClInclude>
    <ClInclude Include="..\cef\include\internal\cef_ptr.h">
      <Filter>CEF\internal</Filter>
    </ClInclude>
    <ClInclude Include="..\cef\include\internal\cef_string.h">
      <Filter>CEF\internal</Filter>
    </ClInclude>
    <ClInclude Include="..\cef\include\internal\cef_string_list.h">
      <Filter>CEF\internal</Filter>
    </ClInclude>
    <ClInclude Include="..\cef\include\internal\cef_string_map.h">
      <Filter>CEF\internal</Filter>
    </ClInclude>
    <ClInclude Include="..\cef\include\internal\cef_string_multimap.h">
      <Filter>CEF\internal</Filter>
    </ClInclude>
    <ClInclude Include="..\cef\include\internal\cef_string_types.h">
      <Filter>CEF\internal</Filter>
    </ClInclude>
    <ClInclude Include="..\cef\include\internal\cef_string_wrappers.h">
      <Filter>CEF\internal</Filter>
    </ClInclude>
    <ClInclude Include="..\cef\include\internal\cef_time.h">
      <Filter>CEF\internal</Filter>
    </ClInclude>
    <ClInclude Include="..\cef\include\internal\cef_tuple.h">
      <Filter>CEF\internal</Filter>
    </ClInclude>
    <ClInclude Include="..\cef\include\internal\cef_types.h">
      <Filter>CEF\internal</Filter>
    </ClInclude>
    <ClInclude Include="..\cef\include\internal\cef_types_win.h">
      <Filter>CEF\internal</Filter>
    </ClInclude>
    <ClInclude Include="..\cef\include\internal\cef_types_wrappers.h">
      <Filter>CEF\internal</Filter>
    </ClInclude>
    <ClInclude Include="..\cef\include\internal\cef_win.h">
      <Filter>CEF\internal</Filter>
    </ClInclude>
    <ClInclude Include="..\cef\include\capi\cef_app_capi.h">
      <Filter>CEF\capi</Filter>
    </ClInclude>
    <ClInclude Include="..\cef\include\capi\cef_base_capi.h">
      <Filter>CEF\capi</Filter>
    </ClInclude>
    <ClInclude Include="..\cef\include\capi\cef_browser_capi.h">
      <Filter>CEF\capi</Filter>
    </ClInclude>
    <ClInclude Include="..\cef\include\capi\cef_browser_process_handler_capi.h">
      <Filter>CEF\capi</Filter>
    </ClInclude>
    <ClInclude Include="..\cef\include\capi\cef_callback_capi.h">
      <Filter>CEF\capi</Filter>
    </ClInclude>
    <ClInclude Include="..\cef\include\capi\cef_client_capi.h">
      <Filter>CEF\capi</Filter>
    </ClInclude>
    <ClInclude Include="..\cef\include\capi\cef_command_line_capi.h">
      <Filter>CEF\capi</Filter>
    </ClInclude>
    <ClInclude Include="..\cef\include\capi\cef_context_menu_handler_capi.h">
      <Filter>CEF\capi</Filter>
    </ClInclude>
    <ClInclude Include="..\cef\include\capi\cef_cookie_capi.h">
      <Filter>CEF\capi</Filter>
    </ClInclude>
    <ClInclude Include="..\cef\include\capi\cef_dialog_handler_capi.h">
      <Filter>CEF\capi</Filter>
    </ClInclude>
    <ClInclude Include="..\cef\include\capi\cef_display_handler_capi.h">
      <Filter>CEF\capi</Filter>
    </ClInclude>
    <ClInclude Include="..\cef\include\capi\cef_dom_capi.h">
      <Filter>CEF\capi</Filter>
    </ClInclude>
    <ClInclude Include="..\cef\include\capi\cef_download_handler_capi.h">
      <Filter>CEF\capi</Filter>
    </ClInclude>
    <ClInclude Include="..\cef\include\capi\cef_download_item_capi.h">
      <Filter>CEF\capi</Filter>
    </ClInclude>
    <ClInclude Include="..\cef\include\capi\cef_drag_data_capi.h">
      <Filter>CEF\capi</Filter>
    </ClInclude>
    <ClInclude Include="..\cef\include\capi\cef_drag_handler_capi.h">
      <Filter>CEF\capi</Filter>
    </ClInclude>
    <ClInclude Include="..\cef\include\capi\cef_focus_handler_capi.h">
      <Filter>CEF\capi</Filter>
    </ClInclude>
    <ClInclude Include="..\cef\include\capi\cef_frame_capi.h">
      <Filter>CEF\capi</Filter>
    </ClInclude>
    <ClInclude Include="..\cef\include\capi\cef_geolocation_capi.h">
      <Filter>CEF\capi</Filter>
    </ClInclude>
    <ClInclude Include="..\cef\include\capi\cef_geolocation_handler_capi.h">
      <Filter>CEF\capi</Filter>
    </ClInclude>
    <ClInclude Include="..\cef\include\capi\cef_jsdialog_handler_capi.h">
      <Filter>CEF\capi</Filter>
    </ClInclude>
    <ClInclude Include="..\cef\include\capi\cef_keyboard_handler_capi.h">
      <Filter>CEF\capi</Filter>
    </ClInclude>
    <ClInclude Include="..\cef\include\capi\cef_life_span_handler_capi.h">
      <Filter>CEF\capi</Filter>
    </ClInclude>
    <ClInclude Include="..\cef\include\capi\cef_load_handler_capi.h">
      <Filter>CEF\capi</Filter>
    </ClInclude>
    <ClInclude Include="..\cef\include\capi\cef_menu_model_capi.h">
      <Filter>CEF\capi</Filter>
    </ClInclude>
    <ClInclude Include="..\cef\include\capi\cef_origin_whitelist_capi.h">
      <Filter>CEF\capi</Filter>
    </ClInclude>
    <ClInclude Include="..\cef\include\capi\cef_path_util_capi.h">
      <Filter>CEF\capi</Filter>
    </ClInclude>
    <ClInclude Include="..\cef\include\capi\cef_process_message_capi.h">
      <Filter>CEF\capi</Filter>
    </ClInclude>
    <ClInclude Include="..\cef\include\capi\cef_process_util_capi.h">
      <Filter>CEF\capi</Filter>
    </ClInclude>
    <ClInclude Include="..\cef\include\capi\cef_render_handler_capi.h">
      <Filter>CEF\capi</Filter>
    </ClInclude>
    <ClInclude Include="..\cef\include\capi\cef_render_process_handler_capi.h">
      <Filter>CEF\capi</Filter>
    </ClInclude>
    <ClInclude Include="..\cef\include\capi\cef_request_capi.h">
      <Filter>CEF\capi</Filter>
    </ClInclude>
    <ClInclude Include="..\cef\include\capi\cef_request_handler_capi.h">
      <Filter>CEF\capi</Filter>
    </ClInclude>
    <ClInclude Include="..\cef\include\capi\cef_resource_bundle_handler_capi.h">
      <Filter>CEF\capi</Filter>
    </ClInclude>
    <ClInclude Include="..\cef\include\capi\cef_resource_handler_capi.h">
      <Filter>CEF\capi</Filter>
    </ClInclude>
    <ClInclude Include="..\cef\include\capi\cef_response_capi.h">
      <Filter>CEF\capi</Filter>
    </ClInclude>
    <ClInclude Include="..\cef\include\capi\cef_scheme_capi.h">
      <Filter>CEF\capi</Filter>
    </ClInclude>
    <ClInclude Include="..\cef\include\capi\cef_stream_capi.h">
      <Filter>CEF\capi</Filter>
    </ClInclude>
    <ClInclude Include="..\cef\include\capi\cef_string_visitor_capi.h">
      <Filter>CEF\capi</Filter>
    </ClInclude>
    <ClInclude Include="..\cef\include\capi\cef_task_capi.h">
      <Filter>CEF\capi</Filter>
    </ClInclude>
    <ClInclude Include="..\cef\include\capi\cef_trace_capi.h">
      <Filter>CEF\capi</Filter>
    </ClInclude>
    <ClInclude Include="..\cef\include\capi\cef_urlrequest_capi.h">
      <Filter>CEF\capi</Filter>
    </ClInclude>
    <ClInclude Include="..\cef\include\capi\cef_url_capi.h">
      <Filter>CEF\capi</Filter>
    </ClInclude>
    <ClInclude Include="..\cef\include\capi\cef_v8_capi.h">
      <Filter>CEF\capi</Filter>
    </ClInclude>
    <ClInclude Include="..\cef\include\capi\cef_values_capi.h">
      <Filter>CEF\capi</Filter>
    </ClInclude>
    <ClInclude Include="..\cef\include\capi\cef_web_plugin_capi.h">
      <Filter>CEF\capi</Filter>
    </ClInclude>
    <ClInclude Include="..\cef\include\capi\cef_xml_reader_capi.h">
      <Filter>CEF\capi</Filter>
    </ClInclude>
    <ClInclude Include="..\cef\include\capi\cef_zip_reader_capi.h">
      <Filter>CEF\capi</Filter>
    </ClInclude>
    <ClInclude Include="..\cef\include\wrapper\cef_byte_read_handler.h">
      <Filter>CEF\wrapper</Filter>
    </ClInclude>
    <ClInclude Include="..\cef\include\wrapper\cef_stream_resource_handler.h">
      <Filter>CEF\wrapper</Filter>
    </ClInclude>
    <ClInclude Include="..\cef\include\wrapper\cef_xml_object.h">
      <Filter>CEF\wrapper</Filter>
    </ClInclude>
    <ClInclude Include="..\cef\include\wrapper\cef_zip_archive.h">
      <Filter>CEF\wrapper</Filter>
    </ClInclude>
  </ItemGroup>
  <ItemGroup>
    <ResourceCompile Include="icon.rc" />
  </ItemGroup>
</Project>